
Microsoft Visual Studio Solution File, Format Version 12.00
# Visual Studio Version 17
VisualStudioVersion = 17.4.33213.308
MinimumVisualStudioVersion = 10.0.40219.1
Project("{FAE04EC0-301F-11D3-BF4B-00C04F79EFBC}") = "FindImageResolution", "FindImageResolution\FindImageResolution.csproj", "{C21BE3E4-D77F-4141-B3C2-4F9B62A7DA38}"
EndProject
Project("{888888A0-9F3D-457C-B088-3A5042F75D52}") = "Python", "Python\Python.pyproj", "{78C512C4-393A-46E9-B6D1-3296332D4073}"
EndProject
Global
	GlobalSection(SolutionConfigurationPlatforms) = preSolution
		Debug|Any CPU = Debug|Any CPU
		DEV|Any CPU = DEV|Any CPU
		Release|Any CPU = Release|Any CPU
	EndGlobalSection
	GlobalSection(ProjectConfigurationPlatforms) = postSolution
		{C21BE3E4-D77F-4141-B3C2-4F9B62A7DA38}.Debug|Any CPU.ActiveCfg = Debug|Any CPU
		{C21BE3E4-D77F-4141-B3C2-4F9B62A7DA38}.Debug|Any CPU.Build.0 = Debug|Any CPU
		{C21BE3E4-D77F-4141-B3C2-4F9B62A7DA38}.DEV|Any CPU.ActiveCfg = DEV|Any CPU
		{C21BE3E4-D77F-4141-B3C2-4F9B62A7DA38}.DEV|Any CPU.Build.0 = DEV|Any CPU
		{C21BE3E4-D77F-4141-B3C2-4F9B62A7DA38}.Release|Any CPU.ActiveCfg = Release|Any CPU
		{C21BE3E4-D77F-4141-B3C2-4F9B62A7DA38}.Release|Any CPU.Build.0 = Release|Any CPU
		{78C512C4-393A-46E9-B6D1-3296332D4073}.Debug|Any CPU.ActiveCfg = Debug|Any CPU
		{78C512C4-393A-46E9-B6D1-3296332D4073}.DEV|Any CPU.ActiveCfg = DEV|Any CPU
		{78C512C4-393A-46E9-B6D1-3296332D4073}.Release|Any CPU.ActiveCfg = Release|Any CPU
	EndGlobalSection
	GlobalSection(SolutionProperties) = preSolution
		HideSolutionNode = FALSE
	EndGlobalSection
	GlobalSection(ExtensibilityGlobals) = postSolution
		SolutionGuid = {A1356785-F6EF-45BB-AA75-876A40D81F79}
	EndGlobalSection
EndGlobal
